github.com/adityatelange/hugo-PaperMod v0.0.0-20211120130225-386d84578278 h1:VFYDyl1048TgS7dvBr8sR24N4Ohfpw9FAnJjbnV675I=
github.com/adityatelange/hugo-PaperMod v0.0.0-20211120130225-386d84578278/go.mod h1:HCHxNMKYdGafUYjVV3ICiAqznZK2yH0iI53jqcDFDdQ=
github.com/theNewDynamic/gohugo-theme-ananke v0.0.0-20211116141528-3710f7e92a02 h1:4Z2x1YLVEtFC2F7SWj/0o26a6O0bYOdUrH19NfpGc34=
github.com/theNewDynamic/gohugo-theme-ananke v0.0.0-20211116141528-3710f7e92a02/go.mod h1:bgj7bjD98mZSR/KOYKuF5lcIgEmTnJ763rZH4EseLv4=
